// !$*UTF8*$!
{
	archiveVersion = 1;
	classes = {
	};
	objectVersion = 50;
	objects = {

/* Begin PBXBuildFile section */
		868085DA24E80D8900C2B15D /* ProductLictController.swift in Sources */ = {isa = PBXBuildFile; fileRef = 868085D924E80D8900C2B15D /* ProductLictController.swift */; };
		868085E024EAD6EF00C2B15D /* ItemData.swift in Sources */ = {isa = PBXBuildFile; fileRef = 868085DF24EAD6EF00C2B15D /* ItemData.swift */; };
		868085E224EADA7700C2B15D /* ItemCollectionViewCell.swift in Sources */ = {isa = PBXBuildFile; fileRef = 868085E124EADA7700C2B15D /* ItemCollectionViewCell.swift */; };
		868085E524EBDA9700C2B15D /* ProductCardController.swift in Sources */ = {isa = PBXBuildFile; fileRef = 868085E424EBDA9700C2B15D /* ProductCardController.swift */; };
		868085E724EBEFCD00C2B15D /* BasketGoodsController.swift in Sources */ = {isa = PBXBuildFile; fileRef = 868085E624EBEFCD00C2B15D /* BasketGoodsController.swift */; };
		868085E924EBF05300C2B15D /* BasketCell.swift in Sources */ = {isa = PBXBuildFile; fileRef = 868085E824EBF05300C2B15D /* BasketCell.swift */; };
		868085EB24EC17BB00C2B15D /* BasketCard.swift in Sources */ = {isa = PBXBuildFile; fileRef = 868085EA24EC17BB00C2B15D /* BasketCard.swift */; };
		868085ED24EC2D8E00C2B15D /* PopUpViewController.swift in Sources */ = {isa = PBXBuildFile; fileRef = 868085EC24EC2D8E00C2B15D /* PopUpViewController.swift */; };
		868085EF24EC3F3800C2B15D /* ProductSizeCell.swift in Sources */ = {isa = PBXBuildFile; fileRef = 868085EE24EC3F3800C2B15D /* ProductSizeCell.swift */; };
		868085F124EC402800C2B15D /* ProductColorCell.swift in Sources */ = {isa = PBXBuildFile; fileRef = 868085F024EC402800C2B15D /* ProductColorCell.swift */; };
		868085F324F7BB3500C2B15D /* README.md in Resources */ = {isa = PBXBuildFile; fileRef = 868085F224F7BB3400C2B15D /* README.md */; };
		868E364D24E5704900A87546 /* AppDelegate.swift in Sources */ = {isa = PBXBuildFile; fileRef = 868E364C24E5704900A87546 /* AppDelegate.swift */; };
		868E364F24E5704900A87546 /* SceneDelegate.swift in Sources */ = {isa = PBXBuildFile; fileRef = 868E364E24E5704900A87546 /* SceneDelegate.swift */; };
		868E365424E5704900A87546 /* Main.storyboard in Resources */ = {isa = PBXBuildFile; fileRef = 868E365224E5704900A87546 /* Main.storyboard */; };
		868E365624E5704E00A87546 /* Assets.xcassets in Resources */ = {isa = PBXBuildFile; fileRef = 868E365524E5704E00A87546 /* Assets.xcassets */; };
		868E365924E5704E00A87546 /* LaunchScreen.storyboard in Resources */ = {isa = PBXBuildFile; fileRef = 868E365724E5704E00A87546 /* LaunchScreen.storyboard */; };
		86928C3F24E6D67A0080F330 /* SVProgressHUD.framework in Frameworks */ = {isa = PBXBuildFile; fileRef = 86928C3C24E6D67A0080F330 /* SVProgressHUD.framework */; };
		86928C4024E6D67A0080F330 /* SVProgressHUD.framework in Embed Frameworks */ = {isa = PBXBuildFile; fileRef = 86928C3C24E6D67A0080F330 /* SVProgressHUD.framework */; settings = {ATTRIBUTES = (CodeSignOnCopy, RemoveHeadersOnCopy, ); }; };
		86928C4124E6D67A0080F330 /* SwiftyJSON.framework in Frameworks */ = {isa = PBXBuildFile; fileRef = 86928C3D24E6D67A0080F330 /* SwiftyJSON.framework */; };
		86928C4224E6D67A0080F330 /* SwiftyJSON.framework in Embed Frameworks */ = {isa = PBXBuildFile; fileRef = 86928C3D24E6D67A0080F330 /* SwiftyJSON.framework */; settings = {ATTRIBUTES = (CodeSignOnCopy, RemoveHeadersOnCopy, ); }; };
		86928C4324E6D67A0080F330 /* Alamofire.framework in Frameworks */ = {isa = PBXBuildFile; fileRef = 86928C3E24E6D67A0080F330 /* Alamofire.framework */; };
		86928C4424E6D67A0080F330 /* Alamofire.framework in Embed Frameworks */ = {isa = PBXBuildFile; fileRef = 86928C3E24E6D67A0080F330 /* Alamofire.framework */; settings = {ATTRIBUTES = (CodeSignOnCopy, RemoveHeadersOnCopy, ); }; };
		86928C4D24E6DCDA0080F330 /* CategoryLoader.swift in Sources */ = {isa = PBXBuildFile; fileRef = 86928C4C24E6DCDA0080F330 /* CategoryLoader.swift */; };
		86928C4F24E6DE4F0080F330 /* CategoryCell.swift in Sources */ = {isa = PBXBuildFile; fileRef = 86928C4E24E6DE4F0080F330 /* CategoryCell.swift */; };
		86928C5124E716930080F330 /* CategoryTableView.swift in Sources */ = {isa = PBXBuildFile; fileRef = 86928C5024E716930080F330 /* CategoryTableView.swift */; };
		86928C5324E7DE910080F330 /* SubcategoriesTable.swift in Sources */ = {isa = PBXBuildFile; fileRef = 86928C5224E7DE910080F330 /* SubcategoriesTable.swift */; };
/* End PBXBuildFile section */

/* Begin PBXCopyFilesBuildPhase section */
		86928C4524E6D67A0080F330 /* Embed Frameworks */ = {
			isa = PBXCopyFilesBuildPhase;
			buildActionMask = 2147483647;
			dstPath = "";
			dstSubfolderSpec = 10;
			files = (
				86928C4224E6D67A0080F330 /* SwiftyJSON.framework in Embed Frameworks */,
				86928C4424E6D67A0080F330 /* Alamofire.framework in Embed Frameworks */,
				86928C4024E6D67A0080F330 /* SVProgressHUD.framework in Embed Frameworks */,
			);
			name = "Embed Frameworks";
			runOnlyForDeploymentPostprocessing = 0;
		};
/* End PBXCopyFilesBuildPhase section */

/* Begin PBXFileReference section */
		868085D924E80D8900C2B15D /* ProductLictController.swift */ = {isa = PBXFileReference; lastKnownFileType = sourcecode.swift; path = ProductLictController.swift; sourceTree = "<group>"; };
		868085DF24EAD6EF00C2B15D /* ItemData.swift */ = {isa = PBXFileReference; lastKnownFileType = sourcecode.swift; path = ItemData.swift; sourceTree = "<group>"; };
		868085E124EADA7700C2B15D /* ItemCollectionViewCell.swift */ = {isa = PBXFileReference; lastKnownFileType = sourcecode.swift; name = ItemCollectionViewCell.swift; path = BlackStarWear/Application/View/ItemCollectionViewCell.swift; sourceTree = SOURCE_ROOT; };
		868085E424EBDA9700C2B15D /* ProductCardController.swift */ = {isa = PBXFileReference; lastKnownFileType = sourcecode.swift; path = ProductCardController.swift; sourceTree = "<group>"; };
		868085E624EBEFCD00C2B15D /* BasketGoodsController.swift */ = {isa = PBXFileReference; lastKnownFileType = sourcecode.swift; path = BasketGoodsController.swift; sourceTree = "<group>"; };
		868085E824EBF05300C2B15D /* BasketCell.swift */ = {isa = PBXFileReference; lastKnownFileType = sourcecode.swift; path = BasketCell.swift; sourceTree = "<group>"; };
		868085EA24EC17BB00C2B15D /* BasketCard.swift */ = {isa = PBXFileReference; lastKnownFileType = sourcecode.swift; path = BasketCard.swift; sourceTree = "<group>"; };
		868085EC24EC2D8E00C2B15D /* PopUpViewController.swift */ = {isa = PBXFileReference; lastKnownFileType = sourcecode.swift; name = PopUpViewController.swift; path = BlackStarWear/Application/Controller/PopUpViewController.swift; sourceTree = SOURCE_ROOT; };
		868085EE24EC3F3800C2B15D /* ProductSizeCell.swift */ = {isa = PBXFileReference; lastKnownFileType = sourcecode.swift; path = ProductSizeCell.swift; sourceTree = "<group>"; };
		868085F024EC402800C2B15D /* ProductColorCell.swift */ = {isa = PBXFileReference; lastKnownFileType = sourcecode.swift; path = ProductColorCell.swift; sourceTree = "<group>"; };
		868085F224F7BB3400C2B15D /* README.md */ = {isa = PBXFileReference; fileEncoding = 4; lastKnownFileType = net.daringfireball.markdown; path = README.md; sourceTree = SOURCE_ROOT; };
		868E364924E5704900A87546 /* BlackStarWear.app */ = {isa = PBXFileReference; explicitFileType = wrapper.application; includeInIndex = 0; path = BlackStarWear.app; sourceTree = BUILT_PRODUCTS_DIR; };
		868E364C24E5704900A87546 /* AppDelegate.swift */ = {isa = PBXFileReference; lastKnownFileType = sourcecode.swift; path = AppDelegate.swift; sourceTree = "<group>"; };
		868E364E24E5704900A87546 /* SceneDelegate.swift */ = {isa = PBXFileReference; lastKnownFileType = sourcecode.swift; path = SceneDelegate.swift; sourceTree = "<group>"; };
		868E365324E5704900A87546 /* Base */ = {isa = PBXFileReference; lastKnownFileType = file.storyboard; name = Base; path = Base.lproj/Main.storyboard; sourceTree = "<group>"; };
		868E365524E5704E00A87546 /* Assets.xcassets */ = {isa = PBXFileReference; lastKnownFileType = folder.assetcatalog; path = Assets.xcassets; sourceTree = "<group>"; };
		868E365824E5704E00A87546 /* Base */ = {isa = PBXFileReference; lastKnownFileType = file.storyboard; name = Base; path = Base.lproj/LaunchScreen.storyboard; sourceTree = "<group>"; };
		868E365A24E5704E00A87546 /* Info.plist */ = {isa = PBXFileReference; lastKnownFileType = text.plist.xml; path = Info.plist; sourceTree = "<group>"; };
		86928C3C24E6D67A0080F330 /* SVProgressHUD.framework */ = {isa = PBXFileReference; lastKnownFileType = wrapper.framework; name = SVProgressHUD.framework; path = Carthage/Build/iOS/SVProgressHUD.framework; sourceTree = "<group>"; };
		86928C3D24E6D67A0080F330 /* SwiftyJSON.framework */ = {isa = PBXFileReference; lastKnownFileType = wrapper.framework; name = SwiftyJSON.framework; path = Carthage/Build/iOS/SwiftyJSON.framework; sourceTree = "<group>"; };
		86928C3E24E6D67A0080F330 /* Alamofire.framework */ = {isa = PBXFileReference; lastKnownFileType = wrapper.framework; name = Alamofire.framework; path = Carthage/Build/iOS/Alamofire.framework; sourceTree = "<group>"; };
		86928C4C24E6DCDA0080F330 /* CategoryLoader.swift */ = {isa = PBXFileReference; lastKnownFileType = sourcecode.swift; path = CategoryLoader.swift; sourceTree = "<group>"; };
		86928C4E24E6DE4F0080F330 /* CategoryCell.swift */ = {isa = PBXFileReference; lastKnownFileType = sourcecode.swift; path = CategoryCell.swift; sourceTree = "<group>"; };
		86928C5024E716930080F330 /* CategoryTableView.swift */ = {isa = PBXFileReference; lastKnownFileType = sourcecode.swift; path = CategoryTableView.swift; sourceTree = "<group>"; };
		86928C5224E7DE910080F330 /* SubcategoriesTable.swift */ = {isa = PBXFileReference; lastKnownFileType = sourcecode.swift; path = SubcategoriesTable.swift; sourceTree = "<group>"; };
/* End PBXFileReference section */

/* Begin PBXFrameworksBuildPhase section */
		868E364624E5704900A87546 /* Frameworks */ = {
			isa = PBXFrameworksBuildPhase;
			buildActionMask = 2147483647;
			files = (
				86928C4124E6D67A0080F330 /* SwiftyJSON.framework in Frameworks */,
				86928C4324E6D67A0080F330 /* Alamofire.framework in Frameworks */,
				86928C3F24E6D67A0080F330 /* SVProgressHUD.framework in Frameworks */,
			);
			runOnlyForDeploymentPostprocessing = 0;
		};
/* End PBXFrameworksBuildPhase section */

/* Begin PBXGroup section */
		868085E324EBCE6A00C2B15D /* Other files */ = {
			isa = PBXGroup;
			children = (
				868E364E24E5704900A87546 /* SceneDelegate.swift */,
				868E364C24E5704900A87546 /* AppDelegate.swift */,
			);
			path = "Other files";
			sourceTree = "<group>";
		};
		868E364024E5704900A87546 = {
			isa = PBXGroup;
			children = (
				868085F224F7BB3400C2B15D /* README.md */,
				868E364B24E5704900A87546 /* BlackStarWear */,
				868E364A24E5704900A87546 /* Products */,
				86928C3B24E6D67A0080F330 /* Frameworks */,
			);
			sourceTree = "<group>";
		};
		868E364A24E5704900A87546 /* Products */ = {
			isa = PBXGroup;
			children = (
				868E364924E5704900A87546 /* BlackStarWear.app */,
			);
			name = Products;
			sourceTree = "<group>";
		};
		868E364B24E5704900A87546 /* BlackStarWear */ = {
			isa = PBXGroup;
			children = (
				86928C4924E6DACF0080F330 /* Application */,
				868E365524E5704E00A87546 /* Assets.xcassets */,
				868E365A24E5704E00A87546 /* Info.plist */,
			);
			path = BlackStarWear;
			sourceTree = "<group>";
		};
		868E366024E6CECA00A87546 /* View */ = {
			isa = PBXGroup;
			children = (
				868E365224E5704900A87546 /* Main.storyboard */,
				868E365724E5704E00A87546 /* LaunchScreen.storyboard */,
				868085E824EBF05300C2B15D /* BasketCell.swift */,
				868085E124EADA7700C2B15D /* ItemCollectionViewCell.swift */,
				86928C4E24E6DE4F0080F330 /* CategoryCell.swift */,
				868085EE24EC3F3800C2B15D /* ProductSizeCell.swift */,
				868085F024EC402800C2B15D /* ProductColorCell.swift */,
			);
			path = View;
			sourceTree = "<group>";
		};
		868E366124E6CF3400A87546 /* Model */ = {
			isa = PBXGroup;
			children = (
				86928C4C24E6DCDA0080F330 /* CategoryLoader.swift */,
				868085DF24EAD6EF00C2B15D /* ItemData.swift */,
				868085EA24EC17BB00C2B15D /* BasketCard.swift */,
			);
			path = Model;
			sourceTree = "<group>";
		};
		868E366224E6CF4600A87546 /* Controller */ = {
			isa = PBXGroup;
			children = (
				868085E324EBCE6A00C2B15D /* Other files */,
				86928C5024E716930080F330 /* CategoryTableView.swift */,
				86928C5224E7DE910080F330 /* SubcategoriesTable.swift */,
				868085D924E80D8900C2B15D /* ProductLictController.swift */,
				868085E424EBDA9700C2B15D /* ProductCardController.swift */,
				868085EC24EC2D8E00C2B15D /* PopUpViewController.swift */,
				868085E624EBEFCD00C2B15D /* BasketGoodsController.swift */,
			);
			path = Controller;
			sourceTree = "<group>";
		};
		86928C3B24E6D67A0080F330 /* Frameworks */ = {
			isa = PBXGroup;
			children = (
				86928C3E24E6D67A0080F330 /* Alamofire.framework */,
				86928C3C24E6D67A0080F330 /* SVProgressHUD.framework */,
				86928C3D24E6D67A0080F330 /* SwiftyJSON.framework */,
			);
			name = Frameworks;
			sourceTree = "<group>";
		};
		86928C4924E6DACF0080F330 /* Application */ = {
			isa = PBXGroup;
			children = (
				868E366124E6CF3400A87546 /* Model */,
				868E366224E6CF4600A87546 /* Controller */,
				868E366024E6CECA00A87546 /* View */,
			);
			path = Application;
			sourceTree = "<group>";
		};
/* End PBXGroup section */

/* Begin PBXNativeTarget section */
		868E364824E5704900A87546 /* BlackStarWear */ = {
			isa = PBXNativeTarget;
			buildConfigurationList = 868E365D24E5704E00A87546 /* Build configuration list for PBXNativeTarget "BlackStarWear" */;
			buildPhases = (
				868E364524E5704900A87546 /* Sources */,
				868E364624E5704900A87546 /* Frameworks */,
				868E364724E5704900A87546 /* Resources */,
				86928C4524E6D67A0080F330 /* Embed Frameworks */,
				86928C4624E6D94A0080F330 /* ShellScript */,
			);
			buildRules = (
			);
			dependencies = (
			);
			name = BlackStarWear;
			productName = BlackStarWear;
			productReference = 868E364924E5704900A87546 /* BlackStarWear.app */;
			productType = "com.apple.product-type.application";
		};
/* End PBXNativeTarget section */

/* Begin PBXProject section */
		868E364124E5704900A87546 /* Project object */ = {
			isa = PBXProject;
			attributes = {
				LastSwiftUpdateCheck = 1160;
				LastUpgradeCheck = 1160;
				ORGANIZATIONNAME = "Murygin Vladislav";
				TargetAttributes = {
					868E364824E5704900A87546 = {
						CreatedOnToolsVersion = 11.6;
					};
				};
			};
			buildConfigurationList = 868E364424E5704900A87546 /* Build configuration list for PBXProject "BlackStarWear" */;
			compatibilityVersion = "Xcode 9.3";
			developmentRegion = en;
			hasScannedForEncodings = 0;
			knownRegions = (
				en,
				Base,
			);
			mainGroup = 868E364024E5704900A87546;
			productRefGroup = 868E364A24E5704900A87546 /* Products */;
			projectDirPath = "";
			projectRoot = "";
			targets = (
				868E364824E5704900A87546 /* BlackStarWear */,
			);
		};
/* End PBXProject section */

/* Begin PBXResourcesBuildPhase section */
		868E364724E5704900A87546 /* Resources */ = {
			isa = PBXResourcesBuildPhase;
			buildActionMask = 2147483647;
			files = (
				868E365924E5704E00A87546 /* LaunchScreen.storyboard in Resources */,
				868E365624E5704E00A87546 /* Assets.xcassets in Resources */,
				868085F324F7BB3500C2B15D /* README.md in Resources */,
				868E365424E5704900A87546 /* Main.storyboard in Resources */,
			);
			runOnlyForDeploymentPostprocessing = 0;
		};
/* End PBXResourcesBuildPhase section */

/* Begin PBXShellScriptBuildPhase section */
		86928C4624E6D94A0080F330 /* ShellScript */ = {
			isa = PBXShellScriptBuildPhase;
			buildActionMask = 2147483647;
			files = (
			);
			inputFileListPaths = (
			);
			inputPaths = (
				"$(SRCROOT)/Carthage/Build/iOS/Alamofire.framework",
				"$(SRCROOT)/Carthage/Build/iOS/SwiftyJSON.framework",
				"$(SRCROOT)/Carthage/Build/iOS/SVProgressHUD.framework",
			);
			outputFileListPaths = (
			);
			outputPaths = (
			);
			runOnlyForDeploymentPostprocessing = 0;
			shellPath = /bin/sh;
			shellScript = "# Type a script or drag a script file from your workspace to insert its path.\n/usr/local/bin/carthage copy-frameworks\n";
		};
/* End PBXShellScriptBuildPhase section */

/* Begin PBXSourcesBuildPhase section */
		868E364524E5704900A87546 /* Sources */ = {
			isa = PBXSourcesBuildPhase;
			buildActionMask = 2147483647;
			files = (
				86928C5124E716930080F330 /* CategoryTableView.swift in Sources */,
				868085F124EC402800C2B15D /* ProductColorCell.swift in Sources */,
				868085E924EBF05300C2B15D /* BasketCell.swift in Sources */,
				868085E524EBDA9700C2B15D /* ProductCardController.swift in Sources */,
				868E364D24E5704900A87546 /* AppDelegate.swift in Sources */,
				868085E724EBEFCD00C2B15D /* BasketGoodsController.swift in Sources */,
				868085E024EAD6EF00C2B15D /* ItemData.swift in Sources */,
				868085E224EADA7700C2B15D /* ItemCollectionViewCell.swift in Sources */,
				86928C4D24E6DCDA0080F330 /* CategoryLoader.swift in Sources */,
				868085DA24E80D8900C2B15D /* ProductLictController.swift in Sources */,
				868085ED24EC2D8E00C2B15D /* PopUpViewController.swift in Sources */,
				868085EB24EC17BB00C2B15D /* BasketCard.swift in Sources */,
				868085EF24EC3F3800C2B15D /* ProductSizeCell.swift in Sources */,
				868E364F24E5704900A87546 /* SceneDelegate.swift in Sources */,
				86928C5324E7DE910080F330 /* SubcategoriesTable.swift in Sources */,
				86928C4F24E6DE4F0080F330 /* CategoryCell.swift in Sources */,
			);
			runOnlyForDeploymentPostprocessing = 0;
		};
/* End PBXSourcesBuildPhase section */

/* Begin PBXVariantGroup section */
		868E365224E5704900A87546 /* Main.storyboard */ = {
			isa = PBXVariantGroup;
			children = (
				868E365324E5704900A87546 /* Base */,
			);
			name = Main.storyboard;
			sourceTree = "<group>";
		};
		868E365724E5704E00A87546 /* LaunchScreen.storyboard */ = {
			isa = PBXVariantGroup;
			children = (
				868E365824E5704E00A87546 /* Base */,
			);
			name = LaunchScreen.storyboard;
			sourceTree = "<group>";
		};
/* End PBXVariantGroup section */

/* Begin XCBuildConfiguration section */
		868E365B24E5704E00A87546 /* Debug */ = {
			isa = XCBuildConfiguration;
			buildSettings = {
				ALWAYS_SEARCH_USER_PATHS = NO;
				CLANG_ANALYZER_NONNULL = YES;
				CLANG_ANALYZER_NUMBER_OBJECT_CONVERSION = YES_AGGRESSIVE;
				CLANG_CXX_LANGUAGE_STANDARD = "gnu++14";
				CLANG_CXX_LIBRARY = "libc++";
				CLANG_ENABLE_MODULES = YES;
				CLANG_ENABLE_OBJC_ARC = YES;
				CLANG_ENABLE_OBJC_WEAK = YES;
				CLANG_WARN_BLOCK_CAPTURE_AUTORELEASING = YES;
				CLANG_WARN_BOOL_CONVERSION = YES;
				CLANG_WARN_COMMA = YES;
				CLANG_WARN_CONSTANT_CONVERSION = YES;
				CLANG_WARN_DEPRECATED_OBJC_IMPLEMENTATIONS = YES;
				CLANG_WARN_DIRECT_OBJC_ISA_USAGE = YES_ERROR;
				CLANG_WARN_DOCUMENTATION_COMMENTS = YES;
				CLANG_WARN_EMPTY_BODY = YES;
				CLANG_WARN_ENUM_CONVERSION = YES;
				CLANG_WARN_INFINITE_RECURSION = YES;
				CLANG_WARN_INT_CONVERSION = YES;
				CLANG_WARN_NON_LITERAL_NULL_CONVERSION = YES;
				CLANG_WARN_OBJC_IMPLICIT_RETAIN_SELF = YES;
				CLANG_WARN_OBJC_LITERAL_CONVERSION = YES;
				CLANG_WARN_OBJC_ROOT_CLASS = YES_ERROR;
				CLANG_WARN_RANGE_LOOP_ANALYSIS = YES;
				CLANG_WARN_STRICT_PROTOTYPES = YES;
				CLANG_WARN_SUSPICIOUS_MOVE = YES;
				CLANG_WARN_UNGUARDED_AVAILABILITY = YES_AGGRESSIVE;
				CLANG_WARN_UNREACHABLE_CODE = YES;
				CLANG_WARN__DUPLICATE_METHOD_MATCH = YES;
				COPY_PHASE_STRIP = NO;
				DEBUG_INFORMATION_FORMAT = dwarf;
				ENABLE_STRICT_OBJC_MSGSEND = YES;
				ENABLE_TESTABILITY = YES;
				GCC_C_LANGUAGE_STANDARD = gnu11;
				GCC_DYNAMIC_NO_PIC = NO;
				GCC_NO_COMMON_BLOCKS = YES;
				GCC_OPTIMIZATION_LEVEL = 0;
				GCC_PREPROCESSOR_DEFINITIONS = (
					"DEBUG=1",
					"$(inherited)",
				);
				GCC_WARN_64_TO_32_BIT_CONVERSION = YES;
				GCC_WARN_ABOUT_RETURN_TYPE = YES_ERROR;
				GCC_WARN_UNDECLARED_SELECTOR = YES;
				GCC_WARN_UNINITIALIZED_AUTOS = YES_AGGRESSIVE;
				GCC_WARN_UNUSED_FUNCTION = YES;
				GCC_WARN_UNUSED_VARIABLE = YES;
				IPHONEOS_DEPLOYMENT_TARGET = 13.0;
				MTL_ENABLE_DEBUG_INFO = INCLUDE_SOURCE;
				MTL_FAST_MATH = YES;
				ONLY_ACTIVE_ARCH = YES;
				SDKROOT = iphoneos;
				SWIFT_ACTIVE_COMPILATION_CONDITIONS = DEBUG;
				SWIFT_OPTIMIZATION_LEVEL = "-Onone";
			};
			name = Debug;
		};
		868E365C24E5704E00A87546 /* Release */ = {
			isa = XCBuildConfiguration;
			buildSettings = {
				ALWAYS_SEARCH_USER_PATHS = NO;
				CLANG_ANALYZER_NONNULL = YES;
				CLANG_ANALYZER_NUMBER_OBJECT_CONVERSION = YES_AGGRESSIVE;
				CLANG_CXX_LANGUAGE_STANDARD = "gnu++14";
				CLANG_CXX_LIBRARY = "libc++";
				CLANG_ENABLE_MODULES = YES;
				CLANG_ENABLE_OBJC_ARC = YES;
				CLANG_ENABLE_OBJC_WEAK = YES;
				CLANG_WARN_BLOCK_CAPTURE_AUTORELEASING = YES;
				CLANG_WARN_BOOL_CONVERSION = YES;
				CLANG_WARN_COMMA = YES;
				CLANG_WARN_CONSTANT_CONVERSION = YES;
				CLANG_WARN_DEPRECATED_OBJC_IMPLEMENTATIONS = YES;
				CLANG_WARN_DIRECT_OBJC_ISA_USAGE = YES_ERROR;
				CLANG_WARN_DOCUMENTATION_COMMENTS = YES;
				CLANG_WARN_EMPTY_BODY = YES;
				CLANG_WARN_ENUM_CONVERSION = YES;
				CLANG_WARN_INFINITE_RECURSION = YES;
				CLANG_WARN_INT_CONVERSION = YES;
				CLANG_WARN_NON_LITERAL_NULL_CONVERSION = YES;
				CLANG_WARN_OBJC_IMPLICIT_RETAIN_SELF = YES;
				CLANG_WARN_OBJC_LITERAL_CONVERSION = YES;
				CLANG_WARN_OBJC_ROOT_CLASS = YES_ERROR;
				CLANG_WARN_RANGE_LOOP_ANALYSIS = YES;
				CLANG_WARN_STRICT_PROTOTYPES = YES;
				CLANG_WARN_SUSPICIOUS_MOVE = YES;
				CLANG_WARN_UNGUARDED_AVAILABILITY = YES_AGGRESSIVE;
				CLANG_WARN_UNREACHABLE_CODE = YES;
				CLANG_WARN__DUPLICATE_METHOD_MATCH = YES;
				COPY_PHASE_STRIP = NO;
				DEBUG_INFORMATION_FORMAT = "dwarf-with-dsym";
				ENABLE_NS_ASSERTIONS = NO;
				ENABLE_STRICT_OBJC_MSGSEND = YES;
				GCC_C_LANGUAGE_STANDARD = gnu11;
				GCC_NO_COMMON_BLOCKS = YES;
				GCC_WARN_64_TO_32_BIT_CONVERSION = YES;
				GCC_WARN_ABOUT_RETURN_TYPE = YES_ERROR;
				GCC_WARN_UNDECLARED_SELECTOR = YES;
				GCC_WARN_UNINITIALIZED_AUTOS = YES_AGGRESSIVE;
				GCC_WARN_UNUSED_FUNCTION = YES;
				GCC_WARN_UNUSED_VARIABLE = YES;
				IPHONEOS_DEPLOYMENT_TARGET = 13.0;
				MTL_ENABLE_DEBUG_INFO = NO;
				MTL_FAST_MATH = YES;
				SDKROOT = iphoneos;
				SWIFT_COMPILATION_MODE = wholemodule;
				SWIFT_OPTIMIZATION_LEVEL = "-O";
				VALIDATE_PRODUCT = YES;
			};
			name = Release;
		};
		868E365E24E5704E00A87546 /* Debug */ = {
			isa = XCBuildConfiguration;
			buildSettings = {
				ASSETCATALOG_COMPILER_APPICON_NAME = AppIcon;
				CODE_SIGN_IDENTITY = "Apple Development";
				CODE_SIGN_STYLE = Automatic;
				DEVELOPMENT_TEAM = S5W3985ZD8;
				FRAMEWORK_SEARCH_PATHS = (
					"$(inherited)",
					"$(PROJECT_DIR)/Carthage/Build/iOS",
				);
				INFOPLIST_FILE = BlackStarWear/Info.plist;
				LD_RUNPATH_SEARCH_PATHS = (
					"$(inherited)",
					"@executable_path/Frameworks",
				);
				PRODUCT_BUNDLE_IDENTIFIER = com.mv.Clima;
				PRODUCT_NAME = "$(TARGET_NAME)";
				PROVISIONING_PROFILE_SPECIFIER = "";
				SWIFT_VERSION = 5.0;
				TARGETED_DEVICE_FAMILY = "1,2";
			};
			name = Debug;
		};
		868E365F24E5704E00A87546 /* Release */ = {
			isa = XCBuildConfiguration;
			buildSettings = {
				ASSETCATALOG_COMPILER_APPICON_NAME = AppIcon;
				CODE_SIGN_IDENTITY = "Apple Development";
				CODE_SIGN_STYLE = Automatic;
				DEVELOPMENT_TEAM = S5W3985ZD8;
				FRAMEWORK_SEARCH_PATHS = (
					"$(inherited)",
					"$(PROJECT_DIR)/Carthage/Build/iOS",
				);
				INFOPLIST_FILE = BlackStarWear/Info.plist;
				LD_RUNPATH_SEARCH_PATHS = (
					"$(inherited)",
					"@executable_path/Frameworks",
				);
				PRODUCT_BUNDLE_IDENTIFIER = com.mv.Clima;
				PRODUCT_NAME = "$(TARGET_NAME)";
				PROVISIONING_PROFILE_SPECIFIER = "";
				SWIFT_VERSION = 5.0;
				TARGETED_DEVICE_FAMILY = "1,2";
			};
			name = Release;
		};
/* End XCBuildConfiguration section */

/* Begin XCConfigurationList section */
		868E364424E5704900A87546 /* Build configuration list for PBXProject "BlackStarWear" */ = {
			isa = XCConfigurationList;
			buildConfigurations = (
				868E365B24E5704E00A87546 /* Debug */,
				868E365C24E5704E00A87546 /* Release */,
			);
			defaultConfigurationIsVisible = 0;
			defaultConfigurationName = Release;
		};
		868E365D24E5704E00A87546 /* Build configuration list for PBXNativeTarget "BlackStarWear" */ = {
			isa = XCConfigurationList;
			buildConfigurations = (
				868E365E24E5704E00A87546 /* Debug */,
				868E365F24E5704E00A87546 /* Release */,
			);
			defaultConfigurationIsVisible = 0;
			defaultConfigurationName = Release;
		};
/* End XCConfigurationList section */
	};
	rootObject = 868E364124E5704900A87546 /* Project object */;
}
